
Microsoft Visual Studio Solution File, Format Version 12.00
# Visual Studio Version 17
Project("{8BC9CEB8-8B4A-11D0-8D11-00A0C91BC942}") = "CrayonEngineGameCombined", "CrayonEngineGameCombined\CrayonEngineGameCombined.vcxproj", "{82763DE1-6E9B-8C61-97E6-71F1836A8B7F}"
EndProject
Project("{8BC9CEB8-8B4A-11D0-8D11-00A0C91BC942}") = "yaml_cpp", "External\yaml_cpp\yaml_cpp.vcxproj", "{7A5CBC57-6629-1763-8F42-050B7B6E4CF1}"
EndProject
Global
	GlobalSection(SolutionConfigurationPlatforms) = preSolution
		Debug|x64 = Debug|x64
		Release|x64 = Release|x64
	EndGlobalSection
	GlobalSection(ProjectConfigurationPlatforms) = postSolution
		{82763DE1-6E9B-8C61-97E6-71F1836A8B7F}.Debug|x64.ActiveCfg = Debug|x64
		{82763DE1-6E9B-8C61-97E6-71F1836A8B7F}.Debug|x64.Build.0 = Debug|x64
		{82763DE1-6E9B-8C61-97E6-71F1836A8B7F}.Release|x64.ActiveCfg = Release|x64
		{82763DE1-6E9B-8C61-97E6-71F1836A8B7F}.Release|x64.Build.0 = Release|x64
		{7A5CBC57-6629-1763-8F42-050B7B6E4CF1}.Debug|x64.ActiveCfg = Debug|x64
		{7A5CBC57-6629-1763-8F42-050B7B6E4CF1}.Debug|x64.Build.0 = Debug|x64
		{7A5CBC57-6629-1763-8F42-050B7B6E4CF1}.Release|x64.ActiveCfg = Release|x64
		{7A5CBC57-6629-1763-8F42-050B7B6E4CF1}.Release|x64.Build.0 = Release|x64
	EndGlobalSection
	GlobalSection(SolutionProperties) = preSolution
		HideSolutionNode = FALSE
	EndGlobalSection
EndGlobal
